// !$*UTF8*$!
{
	archiveVersion = 1;
	classes = {
	};
	objectVersion = 55;
	objects = {

/* Begin PBXBuildFile section */
		B1CCAF602749B50300075010 /* AppDelegate.swift in Sources */ = {isa = PBXBuildFile; fileRef = B1CCAF5F2749B50300075010 /* AppDelegate.swift */; };
		B1CCAF622749B50300075010 /* SceneDelegate.swift in Sources */ = {isa = PBXBuildFile; fileRef = B1CCAF612749B50300075010 /* SceneDelegate.swift */; };
		B1CCAF642749B50300075010 /* ViewController.swift in Sources */ = {isa = PBXBuildFile; fileRef = B1CCAF632749B50300075010 /* ViewController.swift */; };
		B1CCAF672749B50300075010 /* Main.storyboard in Resources */ = {isa = PBXBuildFile; fileRef = B1CCAF652749B50300075010 /* Main.storyboard */; };
		B1CCAF692749B50500075010 /* Assets.xcassets in Resources */ = {isa = PBXBuildFile; fileRef = B1CCAF682749B50500075010 /* Assets.xcassets */; };
		B1CCAF6C2749B50500075010 /* LaunchScreen.storyboard in Resources */ = {isa = PBXBuildFile; fileRef = B1CCAF6A2749B50500075010 /* LaunchScreen.storyboard */; };
		B1CCAF752749B8D800075010 /* FirebaseDatabase in Frameworks */ = {isa = PBXBuildFile; productRef = B1CCAF742749B8D800075010 /* FirebaseDatabase */; };
		B1CCAF772749B8D800075010 /* FirebaseFirestore in Frameworks */ = {isa = PBXBuildFile; productRef = B1CCAF762749B8D800075010 /* FirebaseFirestore */; };
		B1CCAF792749B9D600075010 /* GoogleService-Info.plist in Resources */ = {isa = PBXBuildFile; fileRef = B1CCAF782749B9D500075010 /* GoogleService-Info.plist */; };
		B1CCAF7B274FBE1900075010 /* ItemsTableVC.swift in Sources */ = {isa = PBXBuildFile; fileRef = B1CCAF7A274FBE1900075010 /* ItemsTableVC.swift */; };
		B1CCAF7D274FBE2700075010 /* ItemsCell.swift in Sources */ = {isa = PBXBuildFile; fileRef = B1CCAF7C274FBE2700075010 /* ItemsCell.swift */; };
		B1CCAF81274FC18200075010 /* Items.swift in Sources */ = {isa = PBXBuildFile; fileRef = B1CCAF80274FC18200075010 /* Items.swift */; };
		B1FF5A34279CE1C800ABCCBD /* testingGit.swift in Sources */ = {isa = PBXBuildFile; fileRef = B1FF5A33279CE1C800ABCCBD /* testingGit.swift */; };
/* End PBXBuildFile section */

/* Begin PBXFileReference section */
		B1CCAF5C2749B50300075010 /* ReStore App.app */ = {isa = PBXFileReference; explicitFileType = wrapper.application; includeInIndex = 0; path = "ReStore App.app"; sourceTree = BUILT_PRODUCTS_DIR; };
		B1CCAF5F2749B50300075010 /* AppDelegate.swift */ = {isa = PBXFileReference; lastKnownFileType = sourcecode.swift; path = AppDelegate.swift; sourceTree = "<group>"; };
		B1CCAF612749B50300075010 /* SceneDelegate.swift */ = {isa = PBXFileReference; lastKnownFileType = sourcecode.swift; path = SceneDelegate.swift; sourceTree = "<group>"; };
		B1CCAF632749B50300075010 /* ViewController.swift */ = {isa = PBXFileReference; lastKnownFileType = sourcecode.swift; path = ViewController.swift; sourceTree = "<group>"; };
		B1CCAF662749B50300075010 /* Base */ = {isa = PBXFileReference; lastKnownFileType = file.storyboard; name = Base; path = Base.lproj/Main.storyboard; sourceTree = "<group>"; };
		B1CCAF682749B50500075010 /* Assets.xcassets */ = {isa = PBXFileReference; lastKnownFileType = folder.assetcatalog; path = Assets.xcassets; sourceTree = "<group>"; };
		B1CCAF6B2749B50500075010 /* Base */ = {isa = PBXFileReference; lastKnownFileType = file.storyboard; name = Base; path = Base.lproj/LaunchScreen.storyboard; sourceTree = "<group>"; };
		B1CCAF6D2749B50500075010 /* Info.plist */ = {isa = PBXFileReference; lastKnownFileType = text.plist.xml; path = Info.plist; sourceTree = "<group>"; };
		B1CCAF782749B9D500075010 /* GoogleService-Info.plist */ = {isa = PBXFileReference; fileEncoding = 4; lastKnownFileType = text.plist.xml; path = "GoogleService-Info.plist"; sourceTree = "<group>"; };
		B1CCAF7A274FBE1900075010 /* ItemsTableVC.swift */ = {isa = PBXFileReference; lastKnownFileType = sourcecode.swift; path = ItemsTableVC.swift; sourceTree = "<group>"; };
		B1CCAF7C274FBE2700075010 /* ItemsCell.swift */ = {isa = PBXFileReference; lastKnownFileType = sourcecode.swift; path = ItemsCell.swift; sourceTree = "<group>"; };
		B1CCAF80274FC18200075010 /* Items.swift */ = {isa = PBXFileReference; lastKnownFileType = sourcecode.swift; path = Items.swift; sourceTree = "<group>"; };
		B1FF5A33279CE1C800ABCCBD /* testingGit.swift */ = {isa = PBXFileReference; lastKnownFileType = sourcecode.swift; path = testingGit.swift; sourceTree = "<group>"; };
/* End PBXFileReference section */

/* Begin PBXFrameworksBuildPhase section */
		B1CCAF592749B50300075010 /* Frameworks */ = {
			isa = PBXFrameworksBuildPhase;
			buildActionMask = 2147483647;
			files = (
				B1CCAF752749B8D800075010 /* FirebaseDatabase in Frameworks */,
				B1CCAF772749B8D800075010 /* FirebaseFirestore in Frameworks */,
			);
			runOnlyForDeploymentPostprocessing = 0;
		};
/* End PBXFrameworksBuildPhase section */

/* Begin PBXGroup section */
		B1CCAF532749B50300075010 = {
			isa = PBXGroup;
			children = (
				B1CCAF5E2749B50300075010 /* ReStore App */,
				B1CCAF5D2749B50300075010 /* Products */,
			);
			sourceTree = "<group>";
		};
		B1CCAF5D2749B50300075010 /* Products */ = {
			isa = PBXGroup;
			children = (
				B1CCAF5C2749B50300075010 /* ReStore App.app */,
			);
			name = Products;
			sourceTree = "<group>";
		};
		B1CCAF5E2749B50300075010 /* ReStore App */ = {
			isa = PBXGroup;
			children = (
				B1CCAF5F2749B50300075010 /* AppDelegate.swift */,
				B1CCAF612749B50300075010 /* SceneDelegate.swift */,
				B1CCAF632749B50300075010 /* ViewController.swift */,
				B1CCAF652749B50300075010 /* Main.storyboard */,
				B1CCAF682749B50500075010 /* Assets.xcassets */,
				B1CCAF6A2749B50500075010 /* LaunchScreen.storyboard */,
				B1CCAF782749B9D500075010 /* GoogleService-Info.plist */,
				B1CCAF6D2749B50500075010 /* Info.plist */,
				B1CCAF7A274FBE1900075010 /* ItemsTableVC.swift */,
				B1CCAF7C274FBE2700075010 /* ItemsCell.swift */,
				B1CCAF80274FC18200075010 /* Items.swift */,
				B1FF5A33279CE1C800ABCCBD /* testingGit.swift */,
			);
			path = "ReStore App";
			sourceTree = "<group>";
		};
/* End PBXGroup section */

/* Begin PBXNativeTarget section */
		B1CCAF5B2749B50300075010 /* ReStore App */ = {
			isa = PBXNativeTarget;
			buildConfigurationList = B1CCAF702749B50500075010 /* Build configuration list for PBXNativeTarget "ReStore App" */;
			buildPhases = (
				B1CCAF582749B50300075010 /* Sources */,
				B1CCAF592749B50300075010 /* Frameworks */,
				B1CCAF5A2749B50300075010 /* Resources */,
			);
			buildRules = (
			);
			dependencies = (
			);
			name = "ReStore App";
			packageProductDependencies = (
				B1CCAF742749B8D800075010 /* FirebaseDatabase */,
				B1CCAF762749B8D800075010 /* FirebaseFirestore */,
			);
			productName = "ReStore App";
			productReference = B1CCAF5C2749B50300075010 /* ReStore App.app */;
			productType = "com.apple.product-type.application";
		};
/* End PBXNativeTarget section */

/* Begin PBXProject section */
		B1CCAF542749B50300075010 /* Project object */ = {
			isa = PBXProject;
			attributes = {
				BuildIndependentTargetsInParallel = 1;
				LastSwiftUpdateCheck = 1310;
				LastUpgradeCheck = 1310;
				TargetAttributes = {
					B1CCAF5B2749B50300075010 = {
						CreatedOnToolsVersion = 13.1;
					};
				};
			};
			buildConfigurationList = B1CCAF572749B50300075010 /* Build configuration list for PBXProject "ReStore App" */;
			compatibilityVersion = "Xcode 13.0";
			developmentRegion = en;
			hasScannedForEncodings = 0;
			knownRegions = (
				en,
				Base,
			);
			mainGroup = B1CCAF532749B50300075010;
			packageReferences = (
				B1CCAF732749B8D800075010 /* XCRemoteSwiftPackageReference "firebase-ios-sdk" */,
			);
			productRefGroup = B1CCAF5D2749B50300075010 /* Products */;
			projectDirPath = "";
			projectRoot = "";
			targets = (
				B1CCAF5B2749B50300075010 /* ReStore App */,
			);
		};
/* End PBXProject section */

/* Begin PBXResourcesBuildPhase section */
		B1CCAF5A2749B50300075010 /* Resources */ = {
			isa = PBXResourcesBuildPhase;
			buildActionMask = 2147483647;
			files = (
				B1CCAF6C2749B50500075010 /* LaunchScreen.storyboard in Resources */,
				B1CCAF792749B9D600075010 /* GoogleService-Info.plist in Resources */,
				B1CCAF692749B50500075010 /* Assets.xcassets in Resources */,
				B1CCAF672749B50300075010 /* Main.storyboard in Resources */,
			);
			runOnlyForDeploymentPostprocessing = 0;
		};
/* End PBXResourcesBuildPhase section */

/* Begin PBXSourcesBuildPhase section */
		B1CCAF582749B50300075010 /* Sources */ = {
			isa = PBXSourcesBuildPhase;
			buildActionMask = 2147483647;
			files = (
				B1FF5A34279CE1C800ABCCBD /* testingGit.swift in Sources */,
				B1CCAF7D274FBE2700075010 /* ItemsCell.swift in Sources */,
				B1CCAF7B274FBE1900075010 /* ItemsTableVC.swift in Sources */,
				B1CCAF642749B50300075010 /* ViewController.swift in Sources */,
				B1CCAF602749B50300075010 /* AppDelegate.swift in Sources */,
				B1CCAF81274FC18200075010 /* Items.swift in Sources */,
				B1CCAF622749B50300075010 /* SceneDelegate.swift in Sources */,
			);
			runOnlyForDeploymentPostprocessing = 0;
		};
/* End PBXSourcesBuildPhase section */

/* Begin PBXVariantGroup section */
		B1CCAF652749B50300075010 /* Main.storyboard */ = {
			isa = PBXVariantGroup;
			children = (
				B1CCAF662749B50300075010 /* Base */,
			);
			name = Main.storyboard;
			sourceTree = "<group>";
		};
		B1CCAF6A2749B50500075010 /* LaunchScreen.storyboard */ = {
			isa = PBXVariantGroup;
			children = (
				B1CCAF6B2749B50500075010 /* Base */,
			);
			name = LaunchScreen.storyboard;
			sourceTree = "<group>";
		};
/* End PBXVariantGroup section */

/* Begin XCBuildConfiguration section */
		B1CCAF6E2749B50500075010 /* Debug */ = {
			isa = XCBuildConfiguration;
			buildSettings = {
				ALWAYS_SEARCH_USER_PATHS = NO;
				CLANG_ANALYZER_NONNULL = YES;
				CLANG_ANALYZER_NUMBER_OBJECT_CONVERSION = YES_AGGRESSIVE;
				CLANG_CXX_LANGUAGE_STANDARD = "gnu++17";
				CLANG_CXX_LIBRARY = "libc++";
				CLANG_ENABLE_MODULES = YES;
				CLANG_ENABLE_OBJC_ARC = YES;
				CLANG_ENABLE_OBJC_WEAK = YES;
				CLANG_WARN_BLOCK_CAPTURE_AUTORELEASING = YES;
				CLANG_WARN_BOOL_CONVERSION = YES;
				CLANG_WARN_COMMA = YES;
				CLANG_WARN_CONSTANT_CONVERSION = YES;
				CLANG_WARN_DEPRECATED_OBJC_IMPLEMENTATIONS = YES;
				CLANG_WARN_DIRECT_OBJC_ISA_USAGE = YES_ERROR;
				CLANG_WARN_DOCUMENTATION_COMMENTS = YES;
				CLANG_WARN_EMPTY_BODY = YES;
				CLANG_WARN_ENUM_CONVERSION = YES;
				CLANG_WARN_INFINITE_RECURSION = YES;
				CLANG_WARN_INT_CONVERSION = YES;
				CLANG_WARN_NON_LITERAL_NULL_CONVERSION = YES;
				CLANG_WARN_OBJC_IMPLICIT_RETAIN_SELF = YES;
				CLANG_WARN_OBJC_LITERAL_CONVERSION = YES;
				CLANG_WARN_OBJC_ROOT_CLASS = YES_ERROR;
				CLANG_WARN_QUOTED_INCLUDE_IN_FRAMEWORK_HEADER = YES;
				CLANG_WARN_RANGE_LOOP_ANALYSIS = YES;
				CLANG_WARN_STRICT_PROTOTYPES = YES;
				CLANG_WARN_SUSPICIOUS_MOVE = YES;
				CLANG_WARN_UNGUARDED_AVAILABILITY = YES_AGGRESSIVE;
				CLANG_WARN_UNREACHABLE_CODE = YES;
				CLANG_WARN__DUPLICATE_METHOD_MATCH = YES;
				COPY_PHASE_STRIP = NO;
				DEBUG_INFORMATION_FORMAT = dwarf;
				ENABLE_STRICT_OBJC_MSGSEND = YES;
				ENABLE_TESTABILITY = YES;
				GCC_C_LANGUAGE_STANDARD = gnu11;
				GCC_DYNAMIC_NO_PIC = NO;
				GCC_NO_COMMON_BLOCKS = YES;
				GCC_OPTIMIZATION_LEVEL = 0;
				GCC_PREPROCESSOR_DEFINITIONS = (
					"DEBUG=1",
					"$(inherited)",
				);
				GCC_WARN_64_TO_32_BIT_CONVERSION = YES;
				GCC_WARN_ABOUT_RETURN_TYPE = YES_ERROR;
				GCC_WARN_UNDECLARED_SELECTOR = YES;
				GCC_WARN_UNINITIALIZED_AUTOS = YES_AGGRESSIVE;
				GCC_WARN_UNUSED_FUNCTION = YES;
				GCC_WARN_UNUSED_VARIABLE = YES;
				IPHONEOS_DEPLOYMENT_TARGET = 15.0;
				MTL_ENABLE_DEBUG_INFO = INCLUDE_SOURCE;
				MTL_FAST_MATH = YES;
				ONLY_ACTIVE_ARCH = YES;
				SDKROOT = iphoneos;
				SWIFT_ACTIVE_COMPILATION_CONDITIONS = DEBUG;
				SWIFT_OPTIMIZATION_LEVEL = "-Onone";
			};
			name = Debug;
		};
		B1CCAF6F2749B50500075010 /* Release */ = {
			isa = XCBuildConfiguration;
			buildSettings = {
				ALWAYS_SEARCH_USER_PATHS = NO;
				CLANG_ANALYZER_NONNULL = YES;
				CLANG_ANALYZER_NUMBER_OBJECT_CONVERSION = YES_AGGRESSIVE;
				CLANG_CXX_LANGUAGE_STANDARD = "gnu++17";
				CLANG_CXX_LIBRARY = "libc++";
				CLANG_ENABLE_MODULES = YES;
				CLANG_ENABLE_OBJC_ARC = YES;
				CLANG_ENABLE_OBJC_WEAK = YES;
				CLANG_WARN_BLOCK_CAPTURE_AUTORELEASING = YES;
				CLANG_WARN_BOOL_CONVERSION = YES;
				CLANG_WARN_COMMA = YES;
				CLANG_WARN_CONSTANT_CONVERSION = YES;
				CLANG_WARN_DEPRECATED_OBJC_IMPLEMENTATIONS = YES;
				CLANG_WARN_DIRECT_OBJC_ISA_USAGE = YES_ERROR;
				CLANG_WARN_DOCUMENTATION_COMMENTS = YES;
				CLANG_WARN_EMPTY_BODY = YES;
				CLANG_WARN_ENUM_CONVERSION = YES;
				CLANG_WARN_INFINITE_RECURSION = YES;
				CLANG_WARN_INT_CONVERSION = YES;
				CLANG_WARN_NON_LITERAL_NULL_CONVERSION = YES;
				CLANG_WARN_OBJC_IMPLICIT_RETAIN_SELF = YES;
				CLANG_WARN_OBJC_LITERAL_CONVERSION = YES;
				CLANG_WARN_OBJC_ROOT_CLASS = YES_ERROR;
				CLANG_WARN_QUOTED_INCLUDE_IN_FRAMEWORK_HEADER = YES;
				CLANG_WARN_RANGE_LOOP_ANALYSIS = YES;
				CLANG_WARN_STRICT_PROTOTYPES = YES;
				CLANG_WARN_SUSPICIOUS_MOVE = YES;
				CLANG_WARN_UNGUARDED_AVAILABILITY = YES_AGGRESSIVE;
				CLANG_WARN_UNREACHABLE_CODE = YES;
				CLANG_WARN__DUPLICATE_METHOD_MATCH = YES;
				COPY_PHASE_STRIP = NO;
				DEBUG_INFORMATION_FORMAT = "dwarf-with-dsym";
				ENABLE_NS_ASSERTIONS = NO;
				ENABLE_STRICT_OBJC_MSGSEND = YES;
				GCC_C_LANGUAGE_STANDARD = gnu11;
				GCC_NO_COMMON_BLOCKS = YES;
				GCC_WARN_64_TO_32_BIT_CONVERSION = YES;
				GCC_WARN_ABOUT_RETURN_TYPE = YES_ERROR;
				GCC_WARN_UNDECLARED_SELECTOR = YES;
				GCC_WARN_UNINITIALIZED_AUTOS = YES_AGGRESSIVE;
				GCC_WARN_UNUSED_FUNCTION = YES;
				GCC_WARN_UNUSED_VARIABLE = YES;
				IPHONEOS_DEPLOYMENT_TARGET = 15.0;
				MTL_ENABLE_DEBUG_INFO = NO;
				MTL_FAST_MATH = YES;
				SDKROOT = iphoneos;
				SWIFT_COMPILATION_MODE = wholemodule;
				SWIFT_OPTIMIZATION_LEVEL = "-O";
				VALIDATE_PRODUCT = YES;
			};
			name = Release;
		};
		B1CCAF712749B50500075010 /* Debug */ = {
			isa = XCBuildConfiguration;
			buildSettings = {
				ASSETCATALOG_COMPILER_APPICON_NAME = AppIcon;
				ASSETCATALOG_COMPILER_GLOBAL_ACCENT_COLOR_NAME = AccentColor;
				CODE_SIGN_STYLE = Automatic;
				CURRENT_PROJECT_VERSION = 1;
				DEVELOPMENT_TEAM = HB7ATG6ATT;
				GENERATE_INFOPLIST_FILE = YES;
				INFOPLIST_FILE = "ReStore App/Info.plist";
				INFOPLIST_KEY_UIApplicationSupportsIndirectInputEvents = YES;
				INFOPLIST_KEY_UILaunchStoryboardName = LaunchScreen;
				INFOPLIST_KEY_UIMainStoryboardFile = Main;
				INFOPLIST_KEY_UISupportedInterfaceOrientations_iPad = "UIInterfaceOrientationPortrait UIInterfaceOrientationPortraitUpsideDown UIInterfaceOrientationLandscapeLeft UIInterfaceOrientationLandscapeRight";
				INFOPLIST_KEY_UISupportedInterfaceOrientations_iPhone = "UIInterfaceOrientationPortrait UIInterfaceOrientationLandscapeLeft UIInterfaceOrientationLandscapeRight";
				LD_RUNPATH_SEARCH_PATHS = (
					"$(inherited)",
					"@executable_path/Frameworks",
				);
				MARKETING_VERSION = 1.0;
				PRODUCT_BUNDLE_IDENTIFIER = restoreApp;
				PRODUCT_NAME = "$(TARGET_NAME)";
				SWIFT_EMIT_LOC_STRINGS = YES;
				SWIFT_VERSION = 5.0;
				TARGETED_DEVICE_FAMILY = "1,2";
			};
			name = Debug;
		};
		B1CCAF722749B50500075010 /* Release */ = {
			isa = XCBuildConfiguration;
			buildSettings = {
				ASSETCATALOG_COMPILER_APPICON_NAME = AppIcon;
				ASSETCATALOG_COMPILER_GLOBAL_ACCENT_COLOR_NAME = AccentColor;
				CODE_SIGN_STYLE = Automatic;
				CURRENT_PROJECT_VERSION = 1;
				DEVELOPMENT_TEAM = HB7ATG6ATT;
				GENERATE_INFOPLIST_FILE = YES;
				INFOPLIST_FILE = "ReStore App/Info.plist";
				INFOPLIST_KEY_UIApplicationSupportsIndirectInputEvents = YES;
				INFOPLIST_KEY_UILaunchStoryboardName = LaunchScreen;
				INFOPLIST_KEY_UIMainStoryboardFile = Main;
				INFOPLIST_KEY_UISupportedInterfaceOrientations_iPad = "UIInterfaceOrientationPortrait UIInterfaceOrientationPortraitUpsideDown UIInterfaceOrientationLandscapeLeft UIInterfaceOrientationLandscapeRight";
				INFOPLIST_KEY_UISupportedInterfaceOrientations_iPhone = "UIInterfaceOrientationPortrait UIInterfaceOrientationLandscapeLeft UIInterfaceOrientationLandscapeRight";
				LD_RUNPATH_SEARCH_PATHS = (
					"$(inherited)",
					"@executable_path/Frameworks",
				);
				MARKETING_VERSION = 1.0;
				PRODUCT_BUNDLE_IDENTIFIER = restoreApp;
				PRODUCT_NAME = "$(TARGET_NAME)";
				SWIFT_EMIT_LOC_STRINGS = YES;
				SWIFT_VERSION = 5.0;
				TARGETED_DEVICE_FAMILY = "1,2";
			};
			name = Release;
		};
/* End XCBuildConfiguration section */

/* Begin XCConfigurationList section */
		B1CCAF572749B50300075010 /* Build configuration list for PBXProject "ReStore App" */ = {
			isa = XCConfigurationList;
			buildConfigurations = (
				B1CCAF6E2749B50500075010 /* Debug */,
				B1CCAF6F2749B50500075010 /* Release */,
			);
			defaultConfigurationIsVisible = 0;
			defaultConfigurationName = Release;
		};
		B1CCAF702749B50500075010 /* Build configuration list for PBXNativeTarget "ReStore App" */ = {
			isa = XCConfigurationList;
			buildConfigurations = (
				B1CCAF712749B50500075010 /* Debug */,
				B1CCAF722749B50500075010 /* Release */,
			);
			defaultConfigurationIsVisible = 0;
			defaultConfigurationName = Release;
		};
/* End XCConfigurationList section */

/* Begin XCRemoteSwiftPackageReference section */
		B1CCAF732749B8D800075010 /* XCRemoteSwiftPackageReference "firebase-ios-sdk" */ = {
			isa = XCRemoteSwiftPackageReference;
			repositoryURL = "https://github.com/firebase/firebase-ios-sdk";
			requirement = {
				kind = upToNextMajorVersion;
				minimumVersion = 8.0.0;
			};
		};
/* End XCRemoteSwiftPackageReference section */

/* Begin XCSwiftPackageProductDependency section */
		B1CCAF742749B8D800075010 /* FirebaseDatabase */ = {
			isa = XCSwiftPackageProductDependency;
			package = B1CCAF732749B8D800075010 /* XCRemoteSwiftPackageReference "firebase-ios-sdk" */;
			productName = FirebaseDatabase;
		};
		B1CCAF762749B8D800075010 /* FirebaseFirestore */ = {
			isa = XCSwiftPackageProductDependency;
			package = B1CCAF732749B8D800075010 /* XCRemoteSwiftPackageReference "firebase-ios-sdk" */;
			productName = FirebaseFirestore;
		};
/* End XCSwiftPackageProductDependency section */
	};
	rootObject = B1CCAF542749B50300075010 /* Project object */;
}
